dependencies:
  idf:
    component_hash: null
    source:
      type: idf
    version: 5.2.1
  protocol_examples_common:
    component_hash: null
    source:
      path: /home/kaiki/esp/v5.2.1/esp-idf/examples/common_components/protocol_examples_common
      type: local
    version: '*'
manifest_hash: 05c2b5dc648e9054cbd0ba09ca70eca341031018ec71f5dbe5cfb421923e2887
target: esp32s3
version: 1.0.0
