dependencies:
  idf:
    component_hash: null
    source:
      type: idf
    version: 5.2.1
  protocol_examples_common:
    component_hash: null
    source:
      path: /home/astolfo/esp/v5.2.1/esp-idf/examples/common_components/protocol_examples_common
      type: local
    version: '*'
manifest_hash: 9d25438178e68543b79d73633505f0d8856becbb56110f3a9ff9e7d93d7d8c5a
target: esp32s3
version: 1.0.0
